
Microsoft Visual Studio Solution File, Format Version 12.00
# Visual Studio Version 16
VisualStudioVersion = 16.0.31402.337
MinimumVisualStudioVersion = 10.0.40219.1
Project("{8BC9CEB8-8B4A-11D0-8D11-00A0C91BC942}") = "File-transporter", "File-transporter\File-transporter.vcxproj", "{EBB0DC00-C7DD-4AD5-9CB9-0F2FCD858715}"
EndProject
Global
	GlobalSection(SolutionConfigurationPlatforms) = preSolution
		Debug|x64 = Debug|x64
		Debug|x86 = Debug|x86
		Release|x64 = Release|x64
		Release|x86 = Release|x86
	EndGlobalSection
	GlobalSection(ProjectConfigurationPlatforms) = postSolution
		{EBB0DC00-C7DD-4AD5-9CB9-0F2FCD858715}.Debug|x64.ActiveCfg = Debug|x64
		{EBB0DC00-C7DD-4AD5-9CB9-0F2FCD858715}.Debug|x64.Build.0 = Debug|x64
		{EBB0DC00-C7DD-4AD5-9CB9-0F2FCD858715}.Debug|x86.ActiveCfg = Debug|Win32
		{EBB0DC00-C7DD-4AD5-9CB9-0F2FCD858715}.Debug|x86.Build.0 = Debug|Win32
		{EBB0DC00-C7DD-4AD5-9CB9-0F2FCD858715}.Release|x64.ActiveCfg = Release|x64
		{EBB0DC00-C7DD-4AD5-9CB9-0F2FCD858715}.Release|x64.Build.0 = Release|x64
		{EBB0DC00-C7DD-4AD5-9CB9-0F2FCD858715}.Release|x86.ActiveCfg = Release|Win32
		{EBB0DC00-C7DD-4AD5-9CB9-0F2FCD858715}.Release|x86.Build.0 = Release|Win32
	EndGlobalSection
	GlobalSection(SolutionProperties) = preSolution
		HideSolutionNode = FALSE
	EndGlobalSection
	GlobalSection(ExtensibilityGlobals) = postSolution
		SolutionGuid = {9DCC256F-4A1D-483A-A60D-0B63A3C813D6}
	EndGlobalSection
EndGlobal
